
Microsoft Visual Studio Solution File, Format Version 12.00
# Visual Studio Version 16
VisualStudioVersion = 16.0.30104.148
MinimumVisualStudioVersion = 10.0.40219.1
Project("{FAE04EC0-301F-11D3-BF4B-00C04F79EFBC}") = "TimeSheetApp.Forms", "TimeSheetApp.Forms\TimeSheetApp.Forms.csproj", "{95B38EBC-3856-48A0-A19E-0EDBDF6EAD16}"
EndProject
Project("{FAE04EC0-301F-11D3-BF4B-00C04F79EFBC}") = "TimeSheetApp.Helpers", "TimeSheetApp.Helpers\TimeSheetApp.Helpers.csproj", "{0CD1FFEC-A80B-431E-81DD-FFA8658374C8}"
EndProject
Global
	GlobalSection(SolutionConfigurationPlatforms) = preSolution
		Debug|Any CPU = Debug|Any CPU
		Release|Any CPU = Release|Any CPU
	EndGlobalSection
	GlobalSection(ProjectConfigurationPlatforms) = postSolution
		{95B38EBC-3856-48A0-A19E-0EDBDF6EAD16}.Debug|Any CPU.ActiveCfg = Debug|Any CPU
		{95B38EBC-3856-48A0-A19E-0EDBDF6EAD16}.Debug|Any CPU.Build.0 = Debug|Any CPU
		{95B38EBC-3856-48A0-A19E-0EDBDF6EAD16}.Release|Any CPU.ActiveCfg = Release|Any CPU
		{95B38EBC-3856-48A0-A19E-0EDBDF6EAD16}.Release|Any CPU.Build.0 = Release|Any CPU
		{0CD1FFEC-A80B-431E-81DD-FFA8658374C8}.Debug|Any CPU.ActiveCfg = Debug|Any CPU
		{0CD1FFEC-A80B-431E-81DD-FFA8658374C8}.Debug|Any CPU.Build.0 = Debug|Any CPU
		{0CD1FFEC-A80B-431E-81DD-FFA8658374C8}.Release|Any CPU.ActiveCfg = Release|Any CPU
		{0CD1FFEC-A80B-431E-81DD-FFA8658374C8}.Release|Any CPU.Build.0 = Release|Any CPU
	EndGlobalSection
	GlobalSection(SolutionProperties) = preSolution
		HideSolutionNode = FALSE
	EndGlobalSection
	GlobalSection(ExtensibilityGlobals) = postSolution
		SolutionGuid = {5328E5AB-C6E1-4A5C-B2BA-24AE5162602B}
	EndGlobalSection
EndGlobal
